
Microsoft Visual Studio Solution File, Format Version 12.00
# Visual Studio Version 17
VisualStudioVersion = 17.7.34009.444
MinimumVisualStudioVersion = 10.0.40219.1
Project("{9A19103F-16F7-4668-BE54-9A1E7A4F7556}") = "QuizaDjuret.Server", "Server\QuizaDjuret.Server.csproj", "{BDB321F3-293B-46BA-BE81-BCE82C2008C1}"
EndProject
Project("{9A19103F-16F7-4668-BE54-9A1E7A4F7556}") = "QuizaDjuret.Client", "Client\QuizaDjuret.Client.csproj", "{0310AA30-7B47-4A46-B8A8-499EA00F4E7F}"
EndProject
Project("{9A19103F-16F7-4668-BE54-9A1E7A4F7556}") = "QuizaDjuret.Shared", "Shared\QuizaDjuret.Shared.csproj", "{CA08A4F4-F3DE-4754-9A6F-9FE5A2E50D34}"
EndProject
Project("{FAE04EC0-301F-11D3-BF4B-00C04F79EFBC}") = "QuizaDjuretTests", "QuizaDjuretTests\QuizaDjuretTests.csproj", "{22F04143-3433-442B-B889-5C82BFB84133}"
EndProject
Global
	GlobalSection(SolutionConfigurationPlatforms) = preSolution
		Debug|Any CPU = Debug|Any CPU
		Release|Any CPU = Release|Any CPU
	EndGlobalSection
	GlobalSection(ProjectConfigurationPlatforms) = postSolution
		{BDB321F3-293B-46BA-BE81-BCE82C2008C1}.Debug|Any CPU.ActiveCfg = Debug|Any CPU
		{BDB321F3-293B-46BA-BE81-BCE82C2008C1}.Debug|Any CPU.Build.0 = Debug|Any CPU
		{BDB321F3-293B-46BA-BE81-BCE82C2008C1}.Release|Any CPU.ActiveCfg = Release|Any CPU
		{BDB321F3-293B-46BA-BE81-BCE82C2008C1}.Release|Any CPU.Build.0 = Release|Any CPU
		{0310AA30-7B47-4A46-B8A8-499EA00F4E7F}.Debug|Any CPU.ActiveCfg = Debug|Any CPU
		{0310AA30-7B47-4A46-B8A8-499EA00F4E7F}.Debug|Any CPU.Build.0 = Debug|Any CPU
		{0310AA30-7B47-4A46-B8A8-499EA00F4E7F}.Release|Any CPU.ActiveCfg = Release|Any CPU
		{0310AA30-7B47-4A46-B8A8-499EA00F4E7F}.Release|Any CPU.Build.0 = Release|Any CPU
		{CA08A4F4-F3DE-4754-9A6F-9FE5A2E50D34}.Debug|Any CPU.ActiveCfg = Debug|Any CPU
		{CA08A4F4-F3DE-4754-9A6F-9FE5A2E50D34}.Debug|Any CPU.Build.0 = Debug|Any CPU
		{CA08A4F4-F3DE-4754-9A6F-9FE5A2E50D34}.Release|Any CPU.ActiveCfg = Release|Any CPU
		{CA08A4F4-F3DE-4754-9A6F-9FE5A2E50D34}.Release|Any CPU.Build.0 = Release|Any CPU
		{22F04143-3433-442B-B889-5C82BFB84133}.Debug|Any CPU.ActiveCfg = Debug|Any CPU
		{22F04143-3433-442B-B889-5C82BFB84133}.Debug|Any CPU.Build.0 = Debug|Any CPU
		{22F04143-3433-442B-B889-5C82BFB84133}.Release|Any CPU.ActiveCfg = Release|Any CPU
		{22F04143-3433-442B-B889-5C82BFB84133}.Release|Any CPU.Build.0 = Release|Any CPU
	EndGlobalSection
	GlobalSection(SolutionProperties) = preSolution
		HideSolutionNode = FALSE
	EndGlobalSection
	GlobalSection(ExtensibilityGlobals) = postSolution
		SolutionGuid = {7DDD064A-FCBD-44D0-8566-5FF06096ECED}
	EndGlobalSection
EndGlobal
